<?xml version="1.0" encoding="utf-8"?>
<Project ToolsVersion="4.0" xmlns="http://schemas.microsoft.com/developer/msbuild/2003">
  <ItemGroup>
    <Filter Include="Source Files">
      <UniqueIdentifier>{4FC737F1-C7A5-4376-A066-2A32D752A2FF}</UniqueIdentifier>
      <Extensions>cpp;c;cc;cxx;c++;cppm;ixx;def;odl;idl;hpj;bat;asm;asmx</Extensions>
    </Filter>
    <Filter Include="Header Files">
      <UniqueIdentifier>{93995380-89BD-4b04-88EB-625FBE52EBFB}</UniqueIdentifier>
      <Extensions>h;hh;hpp;hxx;h++;hm;inl;inc;ipp;xsd</Extensions>
    </Filter>
    <Filter Include="Scripts">
      <UniqueIdentifier>{e488474e-1fef-4a6b-95a2-e1289ba92cc8}</UniqueIdentifier>
    </Filter>
    <Filter Include="Resources">
      <UniqueIdentifier>{e5ea541f-afb6-42d3-876c-66ca9cf76637}</UniqueIdentifier>
    </Filter>
    <Filter Include="Resources\DataStructures">
      <UniqueIdentifier>{0a97e19d-e40d-48ac-8e3e-ee62e9e60779}</UniqueIdentifier>
    </Filter>
    <Filter Include="Resources\Boilerplate">
      <UniqueIdentifier>{d8057ea3-969d-44a4-8eea-ee2239ce2bef}</UniqueIdentifier>
    </Filter>
    <Filter Include="Projects">
      <UniqueIdentifier>{512208af-f41d-4939-84e0-eaef086ad37d}</UniqueIdentifier>
    </Filter>
    <Filter Include="Projects\TwoDimSimulation">
      <UniqueIdentifier>{190c71dc-2317-430c-b85d-d79ebe9a9a0b}</UniqueIdentifier>
    </Filter>
    <Filter Include="Projects\TwoDimSimulation\Implementation">
      <UniqueIdentifier>{06d87a75-505e-43d1-94db-d5fb1c7a7287}</UniqueIdentifier>
    </Filter>
    <Filter Include="Projects\TwoDimSimulation\Implementation\Fluid">
      <UniqueIdentifier>{fb9f6d82-e6be-412a-8041-907029186522}</UniqueIdentifier>
    </Filter>
    <Filter Include="Projects\TwoDimSimulation\Factory">
      <UniqueIdentifier>{a489c800-1030-47c2-8389-a9cbaa905467}</UniqueIdentifier>
    </Filter>
    <Filter Include="Projects\TwoDimSimulation\DLLFacade">
      <UniqueIdentifier>{79efe828-aea3-492f-a6cb-d80a1d0d133a}</UniqueIdentifier>
    </Filter>
  </ItemGroup>
  <ItemGroup>
    <ClInclude Include="framework.h">
      <Filter>Header Files</Filter>
    </ClInclude>
    <ClInclude Include="pch.h">
      <Filter>Header Files</Filter>
    </ClInclude>
    <ClInclude Include="HashTableCollection.h">
      <Filter>Resources\DataStructures</Filter>
    </ClInclude>
    <ClInclude Include="ArrayList.h">
      <Filter>Resources\DataStructures</Filter>
    </ClInclude>
    <ClInclude Include="Collection.h">
      <Filter>Resources\DataStructures</Filter>
    </ClInclude>
    <ClInclude Include="List.h">
      <Filter>Resources\DataStructures</Filter>
    </ClInclude>
    <ClInclude Include="ArrayListCollection.h">
      <Filter>Resources\DataStructures</Filter>
    </ClInclude>
    <ClInclude Include="IDLLProject.h">
      <Filter>Header Files</Filter>
    </ClInclude>
    <ClInclude Include="TwoDimSimulationFactory.h">
      <Filter>Projects\TwoDimSimulation\Factory</Filter>
    </ClInclude>
    <ClInclude Include="TwoDimSimulationType.h">
      <Filter>Projects\TwoDimSimulation</Filter>
    </ClInclude>
    <ClInclude Include="TwoDimSimulation_Fluid.h">
      <Filter>Projects\TwoDimSimulation\Implementation\Fluid</Filter>
    </ClInclude>
    <ClInclude Include="TwoDimSimulationDLL.h">
      <Filter>Projects\TwoDimSimulation\DLLFacade</Filter>
    </ClInclude>
    <ClInclude Include="TwoDimSimulation_FluidFacade.h">
      <Filter>Projects\TwoDimSimulation\Implementation\Fluid</Filter>
    </ClInclude>
    <ClInclude Include="Interactable.h">
      <Filter>Resources\Boilerplate</Filter>
    </ClInclude>
    <ClInclude Include="Setting.h">
      <Filter>Resources\Boilerplate</Filter>
    </ClInclude>
    <ClInclude Include="View.h">
      <Filter>Resources\Boilerplate</Filter>
    </ClInclude>
  </ItemGroup>
  <ItemGroup>
    <ClCompile Include="dllmain.cpp">
      <Filter>Source Files</Filter>
    </ClCompile>
    <ClCompile Include="pch.cpp">
      <Filter>Source Files</Filter>
    </ClCompile>
    <ClCompile Include="TwoDimSimulationType.cpp">
      <Filter>Projects\TwoDimSimulation</Filter>
    </ClCompile>
    <ClCompile Include="TwoDimSimulation_Fluid.cpp">
      <Filter>Projects\TwoDimSimulation\Implementation\Fluid</Filter>
    </ClCompile>
    <ClCompile Include="TwoDimSimulationDLL_Funcs.cpp">
      <Filter>Projects\TwoDimSimulation\DLLFacade</Filter>
    </ClCompile>
    <ClCompile Include="TwoDimSimulationDLL_Export.cpp">
      <Filter>Projects\TwoDimSimulation\DLLFacade</Filter>
    </ClCompile>
    <ClCompile Include="TwoDimSimulation_FluidFacade.cpp">
      <Filter>Projects\TwoDimSimulation\Implementation\Fluid</Filter>
    </ClCompile>
  </ItemGroup>
  <ItemGroup>
    <None Include="AddProject.bat">
      <Filter>Scripts</Filter>
    </None>
    <None Include="DeleteProject.bat">
      <Filter>Scripts</Filter>
    </None>
    <None Include="EditProject.bat">
      <Filter>Scripts</Filter>
    </None>
  </ItemGroup>
</Project>